
Microsoft Visual Studio Solution File, Format Version 12.00
Project("{FAE04EC0-301F-11D3-BF4B-00C04F79EFBC}") = "ImageCaster", "ImageCaster\ImageCaster.csproj", "{1B46E301-9919-4CE3-8748-BA45A418E825}"
EndProject
Project("{FAE04EC0-301F-11D3-BF4B-00C04F79EFBC}") = "ImageCasterTest", "ImageCasterTest\ImageCasterTest.csproj", "{17D21663-B009-467B-B601-B019CCA87122}"
EndProject
Global
	GlobalSection(SolutionConfigurationPlatforms) = preSolution
		Debug-Q16|x64 = Debug-Q16|x64
		Debug-Q8|x64 = Debug-Q8|x64
		Debug-Q16-HDRI|x64 = Debug-Q16-HDRI|x64
		Release-Q8|x64 = Release-Q8|x64
		Release-Q16|x64 = Release-Q16|x64
		Release-Q16-HDRI|x64 = Release-Q16-HDRI|x64
		Release-Q8-Docker|x64 = Release-Q8-Docker|x64
		Release-Q16-Docker|x64 = Release-Q16-Docker|x64
		Release-Q16-HDRI-Docker|x64 = Release-Q16-HDRI-Docker|x64
	EndGlobalSection
	GlobalSection(ProjectConfigurationPlatforms) = postSolution
		{1B46E301-9919-4CE3-8748-BA45A418E825}.Debug-Q16|x64.ActiveCfg = Debug-Q16|x64
		{1B46E301-9919-4CE3-8748-BA45A418E825}.Debug-Q16|x64.Build.0 = Debug-Q16|x64
		{1B46E301-9919-4CE3-8748-BA45A418E825}.Debug-Q8|x64.ActiveCfg = Debug-Q8|x64
		{1B46E301-9919-4CE3-8748-BA45A418E825}.Debug-Q8|x64.Build.0 = Debug-Q8|x64
		{1B46E301-9919-4CE3-8748-BA45A418E825}.Debug-Q16-HDRI|x64.ActiveCfg = Debug-Q16-HDRI|x64
		{1B46E301-9919-4CE3-8748-BA45A418E825}.Debug-Q16-HDRI|x64.Build.0 = Debug-Q16-HDRI|x64
		{1B46E301-9919-4CE3-8748-BA45A418E825}.Release-Q8|x64.ActiveCfg = Release-Q8|x64
		{1B46E301-9919-4CE3-8748-BA45A418E825}.Release-Q8|x64.Build.0 = Release-Q8|x64
		{1B46E301-9919-4CE3-8748-BA45A418E825}.Release-Q16|x64.ActiveCfg = Release-Q16|x64
		{1B46E301-9919-4CE3-8748-BA45A418E825}.Release-Q16|x64.Build.0 = Release-Q16|x64
		{1B46E301-9919-4CE3-8748-BA45A418E825}.Release-Q16-HDRI|x64.ActiveCfg = Release-Q16-HDRI|x64
		{1B46E301-9919-4CE3-8748-BA45A418E825}.Release-Q16-HDRI|x64.Build.0 = Release-Q16-HDRI|x64
		{1B46E301-9919-4CE3-8748-BA45A418E825}.Release-Q8-Docker|x64.ActiveCfg = Release-Q8-Docker|x64
		{1B46E301-9919-4CE3-8748-BA45A418E825}.Release-Q8-Docker|x64.Build.0 = Release-Q8-Docker|x64
		{1B46E301-9919-4CE3-8748-BA45A418E825}.Release-Q16-Docker|x64.ActiveCfg = Release-Q16-Docker|x64
		{1B46E301-9919-4CE3-8748-BA45A418E825}.Release-Q16-Docker|x64.Build.0 = Release-Q16-Docker|x64
		{1B46E301-9919-4CE3-8748-BA45A418E825}.Release-Q16-HDRI-Docker|x64.ActiveCfg = Release-Q16-HDRI-Docker|x64
		{1B46E301-9919-4CE3-8748-BA45A418E825}.Release-Q16-HDRI-Docker|x64.Build.0 = Release-Q16-HDRI-Docker|x64
		{17D21663-B009-467B-B601-B019CCA87122}.Debug-Q16|x64.ActiveCfg = Debug-Q16|x64
		{17D21663-B009-467B-B601-B019CCA87122}.Debug-Q16|x64.Build.0 = Debug-Q16|x64
		{17D21663-B009-467B-B601-B019CCA87122}.Debug-Q8|x64.ActiveCfg = Debug-Q8|x64
		{17D21663-B009-467B-B601-B019CCA87122}.Debug-Q8|x64.Build.0 = Debug-Q8|x64
		{17D21663-B009-467B-B601-B019CCA87122}.Debug-Q16-HDRI|x64.ActiveCfg = Debug-Q16-HDRI|x64
		{17D21663-B009-467B-B601-B019CCA87122}.Debug-Q16-HDRI|x64.Build.0 = Debug-Q16-HDRI|x64
		{17D21663-B009-467B-B601-B019CCA87122}.Release-Q8|x64.ActiveCfg = Release-Q8|x64
		{17D21663-B009-467B-B601-B019CCA87122}.Release-Q8|x64.Build.0 = Release-Q8|x64
		{17D21663-B009-467B-B601-B019CCA87122}.Release-Q16|x64.ActiveCfg = Release-Q16|x64
		{17D21663-B009-467B-B601-B019CCA87122}.Release-Q16|x64.Build.0 = Release-Q16|x64
		{17D21663-B009-467B-B601-B019CCA87122}.Release-Q16-HDRI|x64.ActiveCfg = Release-Q16-HDRI|x64
		{17D21663-B009-467B-B601-B019CCA87122}.Release-Q16-HDRI|x64.Build.0 = Release-Q16-HDRI|x64
		{17D21663-B009-467B-B601-B019CCA87122}.Release-Q8-Docker|x64.ActiveCfg = Release-Q8-Docker|x64
		{17D21663-B009-467B-B601-B019CCA87122}.Release-Q8-Docker|x64.Build.0 = Release-Q8-Docker|x64
		{17D21663-B009-467B-B601-B019CCA87122}.Release-Q16-Docker|x64.ActiveCfg = Release-Q16-Docker|x64
		{17D21663-B009-467B-B601-B019CCA87122}.Release-Q16-Docker|x64.Build.0 = Release-Q16-Docker|x64
		{17D21663-B009-467B-B601-B019CCA87122}.Release-Q16-HDRI-Docker|x64.ActiveCfg = Release-Q16-HDRI-Docker|x64
		{17D21663-B009-467B-B601-B019CCA87122}.Release-Q16-HDRI-Docker|x64.Build.0 = Release-Q16-HDRI-Docker|x64
	EndGlobalSection
EndGlobal
