
Microsoft Visual Studio Solution File, Format Version 12.00
Project("{FAE04EC0-301F-11D3-BF4B-00C04F79EFBC}") = "ImageCaster", "ImageCaster\ImageCaster.csproj", "{1B46E301-9919-4CE3-8748-BA45A418E825}"
EndProject
Project("{FAE04EC0-301F-11D3-BF4B-00C04F79EFBC}") = "ImageCasterTest", "ImageCasterTest\ImageCasterTest.csproj", "{17D21663-B009-467B-B601-B019CCA87122}"
EndProject
Global
	GlobalSection(SolutionConfigurationPlatforms) = preSolution
		Debug|Any CPU = Debug|Any CPU
		Release|Any CPU = Release|Any CPU
	EndGlobalSection
	GlobalSection(ProjectConfigurationPlatforms) = postSolution
		{1B46E301-9919-4CE3-8748-BA45A418E825}.Debug|Any CPU.ActiveCfg = Debug|Any CPU
		{1B46E301-9919-4CE3-8748-BA45A418E825}.Debug|Any CPU.Build.0 = Debug|Any CPU
		{1B46E301-9919-4CE3-8748-BA45A418E825}.Release|Any CPU.ActiveCfg = Release|Any CPU
		{1B46E301-9919-4CE3-8748-BA45A418E825}.Release|Any CPU.Build.0 = Release|Any CPU
		{17D21663-B009-467B-B601-B019CCA87122}.Debug|Any CPU.ActiveCfg = Debug|Any CPU
		{17D21663-B009-467B-B601-B019CCA87122}.Debug|Any CPU.Build.0 = Debug|Any CPU
		{17D21663-B009-467B-B601-B019CCA87122}.Release|Any CPU.ActiveCfg = Release|Any CPU
		{17D21663-B009-467B-B601-B019CCA87122}.Release|Any CPU.Build.0 = Release|Any CPU
	EndGlobalSection
EndGlobal
