
Microsoft Visual Studio Solution File, Format Version 12.00
Project("{FAE04EC0-301F-11D3-BF4B-00C04F79EFBC}") = "ImageCasterApi", "ImageCasterApi\ImageCasterApi.csproj", "{908E2AD3-DF3E-4192-9D8C-D7C4EFADA1B8}"
EndProject
Project("{FAE04EC0-301F-11D3-BF4B-00C04F79EFBC}") = "ImageCasterCore", "ImageCasterCore\ImageCasterCore.csproj", "{DC0E8C1C-7B42-42EB-B115-EC5B933B47D8}"
EndProject
Project("{FAE04EC0-301F-11D3-BF4B-00C04F79EFBC}") = "ImageCasterCoreTest", "ImageCasterCoreTest\ImageCasterCoreTest.csproj", "{8B69C487-E30B-47C6-AC41-851F3BDE0A4E}"
EndProject
Project("{FAE04EC0-301F-11D3-BF4B-00C04F79EFBC}") = "ImageCasterCli", "ImageCasterCli\ImageCasterCli.csproj", "{A27261FF-348D-4D81-9F10-4A2660CAD880}"
EndProject
Global
	GlobalSection(SolutionConfigurationPlatforms) = preSolution
		Debug-Q16|x64 = Debug-Q16|x64
		Debug-Q8|x64 = Debug-Q8|x64
		Debug-Q16-HDRI|x64 = Debug-Q16-HDRI|x64
		Release-Q8|x64 = Release-Q8|x64
		Release-Q16|x64 = Release-Q16|x64
		Release-Q16-HDRI|x64 = Release-Q16-HDRI|x64
	EndGlobalSection
	GlobalSection(ProjectConfigurationPlatforms) = postSolution
		{DC0E8C1C-7B42-42EB-B115-EC5B933B47D8}.Debug-Q16|x64.ActiveCfg = Debug-Q16|x64
		{DC0E8C1C-7B42-42EB-B115-EC5B933B47D8}.Debug-Q16|x64.Build.0 = Debug-Q16|x64
		{DC0E8C1C-7B42-42EB-B115-EC5B933B47D8}.Debug-Q8|x64.ActiveCfg = Debug-Q8|x64
		{DC0E8C1C-7B42-42EB-B115-EC5B933B47D8}.Debug-Q8|x64.Build.0 = Debug-Q8|x64
		{DC0E8C1C-7B42-42EB-B115-EC5B933B47D8}.Debug-Q16-HDRI|x64.ActiveCfg = Debug-Q16-HDRI|x64
		{DC0E8C1C-7B42-42EB-B115-EC5B933B47D8}.Debug-Q16-HDRI|x64.Build.0 = Debug-Q16-HDRI|x64
		{DC0E8C1C-7B42-42EB-B115-EC5B933B47D8}.Release-Q8|x64.ActiveCfg = Release-Q8|x64
		{DC0E8C1C-7B42-42EB-B115-EC5B933B47D8}.Release-Q8|x64.Build.0 = Release-Q8|x64
		{DC0E8C1C-7B42-42EB-B115-EC5B933B47D8}.Release-Q16|x64.ActiveCfg = Release-Q16|x64
		{DC0E8C1C-7B42-42EB-B115-EC5B933B47D8}.Release-Q16|x64.Build.0 = Release-Q16|x64
		{DC0E8C1C-7B42-42EB-B115-EC5B933B47D8}.Release-Q16-HDRI|x64.ActiveCfg = Release-Q16-HDRI|x64
		{DC0E8C1C-7B42-42EB-B115-EC5B933B47D8}.Release-Q16-HDRI|x64.Build.0 = Release-Q16-HDRI|x64
		{8B69C487-E30B-47C6-AC41-851F3BDE0A4E}.Debug-Q16|x64.ActiveCfg = Debug-Q16|x64
		{8B69C487-E30B-47C6-AC41-851F3BDE0A4E}.Debug-Q16|x64.Build.0 = Debug-Q16|x64
		{8B69C487-E30B-47C6-AC41-851F3BDE0A4E}.Debug-Q8|x64.ActiveCfg = Debug-Q8|x64
		{8B69C487-E30B-47C6-AC41-851F3BDE0A4E}.Debug-Q8|x64.Build.0 = Debug-Q8|x64
		{8B69C487-E30B-47C6-AC41-851F3BDE0A4E}.Debug-Q16-HDRI|x64.ActiveCfg = Debug-Q16-HDRI|x64
		{8B69C487-E30B-47C6-AC41-851F3BDE0A4E}.Debug-Q16-HDRI|x64.Build.0 = Debug-Q16-HDRI|x64
		{8B69C487-E30B-47C6-AC41-851F3BDE0A4E}.Release-Q8|x64.ActiveCfg = Release-Q8|x64
		{8B69C487-E30B-47C6-AC41-851F3BDE0A4E}.Release-Q8|x64.Build.0 = Release-Q8|x64
		{8B69C487-E30B-47C6-AC41-851F3BDE0A4E}.Release-Q16|x64.ActiveCfg = Release-Q16|x64
		{8B69C487-E30B-47C6-AC41-851F3BDE0A4E}.Release-Q16|x64.Build.0 = Release-Q16|x64
		{8B69C487-E30B-47C6-AC41-851F3BDE0A4E}.Release-Q16-HDRI|x64.ActiveCfg = Release-Q16-HDRI|x64
		{8B69C487-E30B-47C6-AC41-851F3BDE0A4E}.Release-Q16-HDRI|x64.Build.0 = Release-Q16-HDRI|x64
		{A27261FF-348D-4D81-9F10-4A2660CAD880}.Debug-Q16|x64.ActiveCfg = Debug-Q16|x64
		{A27261FF-348D-4D81-9F10-4A2660CAD880}.Debug-Q16|x64.Build.0 = Debug-Q16|x64
		{A27261FF-348D-4D81-9F10-4A2660CAD880}.Debug-Q8|x64.ActiveCfg = Debug-Q8|x64
		{A27261FF-348D-4D81-9F10-4A2660CAD880}.Debug-Q8|x64.Build.0 = Debug-Q8|x64
		{A27261FF-348D-4D81-9F10-4A2660CAD880}.Debug-Q16-HDRI|x64.ActiveCfg = Debug-Q16-HDRI|x64
		{A27261FF-348D-4D81-9F10-4A2660CAD880}.Debug-Q16-HDRI|x64.Build.0 = Debug-Q16-HDRI|x64
		{A27261FF-348D-4D81-9F10-4A2660CAD880}.Release-Q8|x64.ActiveCfg = Release-Q8|x64
		{A27261FF-348D-4D81-9F10-4A2660CAD880}.Release-Q8|x64.Build.0 = Release-Q8|x64
		{A27261FF-348D-4D81-9F10-4A2660CAD880}.Release-Q16|x64.ActiveCfg = Release-Q16|x64
		{A27261FF-348D-4D81-9F10-4A2660CAD880}.Release-Q16|x64.Build.0 = Release-Q16|x64
		{A27261FF-348D-4D81-9F10-4A2660CAD880}.Release-Q16-HDRI|x64.ActiveCfg = Release-Q16-HDRI|x64
		{A27261FF-348D-4D81-9F10-4A2660CAD880}.Release-Q16-HDRI|x64.Build.0 = Release-Q16-HDRI|x64
		{908E2AD3-DF3E-4192-9D8C-D7C4EFADA1B8}.Debug-Q16|x64.ActiveCfg = Debug-Q16|x64
		{908E2AD3-DF3E-4192-9D8C-D7C4EFADA1B8}.Debug-Q16|x64.Build.0 = Debug-Q16|x64
		{908E2AD3-DF3E-4192-9D8C-D7C4EFADA1B8}.Debug-Q16-HDRI|x64.ActiveCfg = Debug-Q16-HDRI|x64
		{908E2AD3-DF3E-4192-9D8C-D7C4EFADA1B8}.Debug-Q16-HDRI|x64.Build.0 = Debug-Q16-HDRI|x64
		{908E2AD3-DF3E-4192-9D8C-D7C4EFADA1B8}.Debug-Q8|x64.ActiveCfg = Debug-Q8|x64
		{908E2AD3-DF3E-4192-9D8C-D7C4EFADA1B8}.Debug-Q8|x64.Build.0 = Debug-Q8|x64
		{908E2AD3-DF3E-4192-9D8C-D7C4EFADA1B8}.Release-Q16|x64.ActiveCfg = Release-Q16|x64
		{908E2AD3-DF3E-4192-9D8C-D7C4EFADA1B8}.Release-Q16|x64.Build.0 = Release-Q16|x64
		{908E2AD3-DF3E-4192-9D8C-D7C4EFADA1B8}.Release-Q16-HDRI|x64.ActiveCfg = Release-Q16-HDRI|x64
		{908E2AD3-DF3E-4192-9D8C-D7C4EFADA1B8}.Release-Q16-HDRI|x64.Build.0 = Release-Q16-HDRI|x64
		{908E2AD3-DF3E-4192-9D8C-D7C4EFADA1B8}.Release-Q8|x64.ActiveCfg = Release-Q8|x64
		{908E2AD3-DF3E-4192-9D8C-D7C4EFADA1B8}.Release-Q8|x64.Build.0 = Release-Q8|x64
	EndGlobalSection
EndGlobal
